// !$*UTF8*$!
{
	archiveVersion = 1;
	classes = {
	};
	objectVersion = 55;
	objects = {

/* Begin PBXBuildFile section */
		A9261A0C27373F0100177368 /* TouchInterceptor.swift in Sources */ = {isa = PBXBuildFile; fileRef = A9261A0B27373F0100177368 /* TouchInterceptor.swift */; };
		A9261A0E27380F3500177368 /* SampleSlot.swift in Sources */ = {isa = PBXBuildFile; fileRef = A9261A0D27380F3500177368 /* SampleSlot.swift */; };
		A9261A1027381DD600177368 /* SamplerTap.swift in Sources */ = {isa = PBXBuildFile; fileRef = A9261A0F27381DD600177368 /* SamplerTap.swift */; };
		A9C72C89273691B5007C2645 /* SquaresApp.swift in Sources */ = {isa = PBXBuildFile; fileRef = A9C72C88273691B5007C2645 /* SquaresApp.swift */; };
		A9C72C8B273691B5007C2645 /* ContentView.swift in Sources */ = {isa = PBXBuildFile; fileRef = A9C72C8A273691B5007C2645 /* ContentView.swift */; };
		A9C72C8D273691B7007C2645 /* Assets.xcassets in Resources */ = {isa = PBXBuildFile; fileRef = A9C72C8C273691B7007C2645 /* Assets.xcassets */; };
		A9C72C90273691B7007C2645 /* Preview Assets.xcassets in Resources */ = {isa = PBXBuildFile; fileRef = A9C72C8F273691B7007C2645 /* Preview Assets.xcassets */; };
		A9C72C98273691D5007C2645 /* DrumMachine.swift in Sources */ = {isa = PBXBuildFile; fileRef = A9C72C97273691D5007C2645 /* DrumMachine.swift */; };
		A9C72C9A2736920A007C2645 /* Sample.swift in Sources */ = {isa = PBXBuildFile; fileRef = A9C72C992736920A007C2645 /* Sample.swift */; };
		A9C72C9D273698C3007C2645 /* DrumMachine+Environment.swift in Sources */ = {isa = PBXBuildFile; fileRef = A9C72C9C273698C3007C2645 /* DrumMachine+Environment.swift */; };
		A9C72CA02736A2D2007C2645 /* WaveformGenerator.swift in Sources */ = {isa = PBXBuildFile; fileRef = A9C72C9F2736A2D2007C2645 /* WaveformGenerator.swift */; };
		A9C72CA22736AC68007C2645 /* SquarePad.swift in Sources */ = {isa = PBXBuildFile; fileRef = A9C72CA12736AC68007C2645 /* SquarePad.swift */; };
		A9C72CA72736BA9D007C2645 /* AudioKit in Frameworks */ = {isa = PBXBuildFile; productRef = A9C72CA62736BA9D007C2645 /* AudioKit */; };
		A9C72CAB2736BE60007C2645 /* WaveformShape.swift in Sources */ = {isa = PBXBuildFile; fileRef = A9C72CAA2736BE60007C2645 /* WaveformShape.swift */; };
		A9C72CAE2736D142007C2645 /* AudioKitUI in Frameworks */ = {isa = PBXBuildFile; productRef = A9C72CAD2736D142007C2645 /* AudioKitUI */; };
/* End PBXBuildFile section */

/* Begin PBXFileReference section */
		A9261A0B27373F0100177368 /* TouchInterceptor.swift */ = {isa = PBXFileReference; lastKnownFileType = sourcecode.swift; path = TouchInterceptor.swift; sourceTree = "<group>"; };
		A9261A0D27380F3500177368 /* SampleSlot.swift */ = {isa = PBXFileReference; lastKnownFileType = sourcecode.swift; path = SampleSlot.swift; sourceTree = "<group>"; };
		A9261A0F27381DD600177368 /* SamplerTap.swift */ = {isa = PBXFileReference; lastKnownFileType = sourcecode.swift; path = SamplerTap.swift; sourceTree = "<group>"; };
		A9C72C85273691B5007C2645 /* Squares.app */ = {isa = PBXFileReference; explicitFileType = wrapper.application; includeInIndex = 0; path = Squares.app; sourceTree = BUILT_PRODUCTS_DIR; };
		A9C72C88273691B5007C2645 /* SquaresApp.swift */ = {isa = PBXFileReference; lastKnownFileType = sourcecode.swift; path = SquaresApp.swift; sourceTree = "<group>"; };
		A9C72C8A273691B5007C2645 /* ContentView.swift */ = {isa = PBXFileReference; lastKnownFileType = sourcecode.swift; path = ContentView.swift; sourceTree = "<group>"; };
		A9C72C8C273691B7007C2645 /* Assets.xcassets */ = {isa = PBXFileReference; lastKnownFileType = folder.assetcatalog; path = Assets.xcassets; sourceTree = "<group>"; };
		A9C72C8F273691B7007C2645 /* Preview Assets.xcassets */ = {isa = PBXFileReference; lastKnownFileType = folder.assetcatalog; path = "Preview Assets.xcassets"; sourceTree = "<group>"; };
		A9C72C91273691B7007C2645 /* Squares.entitlements */ = {isa = PBXFileReference; lastKnownFileType = text.plist.entitlements; path = Squares.entitlements; sourceTree = "<group>"; };
		A9C72C97273691D5007C2645 /* DrumMachine.swift */ = {isa = PBXFileReference; lastKnownFileType = sourcecode.swift; path = DrumMachine.swift; sourceTree = "<group>"; };
		A9C72C992736920A007C2645 /* Sample.swift */ = {isa = PBXFileReference; lastKnownFileType = sourcecode.swift; path = Sample.swift; sourceTree = "<group>"; };
		A9C72C9C273698C3007C2645 /* DrumMachine+Environment.swift */ = {isa = PBXFileReference; lastKnownFileType = sourcecode.swift; path = "DrumMachine+Environment.swift"; sourceTree = "<group>"; };
		A9C72C9F2736A2D2007C2645 /* WaveformGenerator.swift */ = {isa = PBXFileReference; lastKnownFileType = sourcecode.swift; path = WaveformGenerator.swift; sourceTree = "<group>"; };
		A9C72CA12736AC68007C2645 /* SquarePad.swift */ = {isa = PBXFileReference; lastKnownFileType = sourcecode.swift; path = SquarePad.swift; sourceTree = "<group>"; };
		A9C72CAA2736BE60007C2645 /* WaveformShape.swift */ = {isa = PBXFileReference; lastKnownFileType = sourcecode.swift; path = WaveformShape.swift; sourceTree = "<group>"; };
/* End PBXFileReference section */

/* Begin PBXFrameworksBuildPhase section */
		A9C72C82273691B5007C2645 /* Frameworks */ = {
			isa = PBXFrameworksBuildPhase;
			buildActionMask = 2147483647;
			files = (
				A9C72CAE2736D142007C2645 /* AudioKitUI in Frameworks */,
				A9C72CA72736BA9D007C2645 /* AudioKit in Frameworks */,
			);
			runOnlyForDeploymentPostprocessing = 0;
		};
/* End PBXFrameworksBuildPhase section */

/* Begin PBXGroup section */
		A9C72C7C273691B5007C2645 = {
			isa = PBXGroup;
			children = (
				A9C72C87273691B5007C2645 /* Squares */,
				A9C72C86273691B5007C2645 /* Products */,
			);
			sourceTree = "<group>";
		};
		A9C72C86273691B5007C2645 /* Products */ = {
			isa = PBXGroup;
			children = (
				A9C72C85273691B5007C2645 /* Squares.app */,
			);
			name = Products;
			sourceTree = "<group>";
		};
		A9C72C87273691B5007C2645 /* Squares */ = {
			isa = PBXGroup;
			children = (
				A9C72C9E2736998F007C2645 /* Views */,
				A9C72C9B2736986E007C2645 /* Model */,
				A9C72C88273691B5007C2645 /* SquaresApp.swift */,
				A9C72C8C273691B7007C2645 /* Assets.xcassets */,
				A9C72C91273691B7007C2645 /* Squares.entitlements */,
				A9C72C8E273691B7007C2645 /* Preview Content */,
			);
			path = Squares;
			sourceTree = "<group>";
		};
		A9C72C8E273691B7007C2645 /* Preview Content */ = {
			isa = PBXGroup;
			children = (
				A9C72C8F273691B7007C2645 /* Preview Assets.xcassets */,
			);
			path = "Preview Content";
			sourceTree = "<group>";
		};
		A9C72C9B2736986E007C2645 /* Model */ = {
			isa = PBXGroup;
			children = (
				A9C72C97273691D5007C2645 /* DrumMachine.swift */,
				A9C72C9C273698C3007C2645 /* DrumMachine+Environment.swift */,
				A9C72C9F2736A2D2007C2645 /* WaveformGenerator.swift */,
				A9C72C992736920A007C2645 /* Sample.swift */,
				A9261A0D27380F3500177368 /* SampleSlot.swift */,
				A9261A0F27381DD600177368 /* SamplerTap.swift */,
			);
			path = Model;
			sourceTree = "<group>";
		};
		A9C72C9E2736998F007C2645 /* Views */ = {
			isa = PBXGroup;
			children = (
				A9C72C8A273691B5007C2645 /* ContentView.swift */,
				A9C72CA12736AC68007C2645 /* SquarePad.swift */,
				A9C72CAA2736BE60007C2645 /* WaveformShape.swift */,
				A9261A0B27373F0100177368 /* TouchInterceptor.swift */,
			);
			path = Views;
			sourceTree = "<group>";
		};
/* End PBXGroup section */

/* Begin PBXNativeTarget section */
		A9C72C84273691B5007C2645 /* Squares */ = {
			isa = PBXNativeTarget;
			buildConfigurationList = A9C72C94273691B7007C2645 /* Build configuration list for PBXNativeTarget "Squares" */;
			buildPhases = (
				A9C72C81273691B5007C2645 /* Sources */,
				A9C72C82273691B5007C2645 /* Frameworks */,
				A9C72C83273691B5007C2645 /* Resources */,
			);
			buildRules = (
			);
			dependencies = (
			);
			name = Squares;
			packageProductDependencies = (
				A9C72CA62736BA9D007C2645 /* AudioKit */,
				A9C72CAD2736D142007C2645 /* AudioKitUI */,
			);
			productName = Squares;
			productReference = A9C72C85273691B5007C2645 /* Squares.app */;
			productType = "com.apple.product-type.application";
		};
/* End PBXNativeTarget section */

/* Begin PBXProject section */
		A9C72C7D273691B5007C2645 /* Project object */ = {
			isa = PBXProject;
			attributes = {
				BuildIndependentTargetsInParallel = 1;
				LastSwiftUpdateCheck = 1310;
				LastUpgradeCheck = 1310;
				TargetAttributes = {
					A9C72C84273691B5007C2645 = {
						CreatedOnToolsVersion = 13.1;
					};
				};
			};
			buildConfigurationList = A9C72C80273691B5007C2645 /* Build configuration list for PBXProject "Squares" */;
			compatibilityVersion = "Xcode 13.0";
			developmentRegion = en;
			hasScannedForEncodings = 0;
			knownRegions = (
				en,
				Base,
			);
			mainGroup = A9C72C7C273691B5007C2645;
			packageReferences = (
				A9C72CA52736BA9D007C2645 /* XCRemoteSwiftPackageReference "AudioKit" */,
				A9C72CAC2736D142007C2645 /* XCRemoteSwiftPackageReference "AudioKitUI" */,
			);
			productRefGroup = A9C72C86273691B5007C2645 /* Products */;
			projectDirPath = "";
			projectRoot = "";
			targets = (
				A9C72C84273691B5007C2645 /* Squares */,
			);
		};
/* End PBXProject section */

/* Begin PBXResourcesBuildPhase section */
		A9C72C83273691B5007C2645 /* Resources */ = {
			isa = PBXResourcesBuildPhase;
			buildActionMask = 2147483647;
			files = (
				A9C72C90273691B7007C2645 /* Preview Assets.xcassets in Resources */,
				A9C72C8D273691B7007C2645 /* Assets.xcassets in Resources */,
			);
			runOnlyForDeploymentPostprocessing = 0;
		};
/* End PBXResourcesBuildPhase section */

/* Begin PBXSourcesBuildPhase section */
		A9C72C81273691B5007C2645 /* Sources */ = {
			isa = PBXSourcesBuildPhase;
			buildActionMask = 2147483647;
			files = (
				A9C72C9D273698C3007C2645 /* DrumMachine+Environment.swift in Sources */,
				A9C72C9A2736920A007C2645 /* Sample.swift in Sources */,
				A9C72CA22736AC68007C2645 /* SquarePad.swift in Sources */,
				A9261A0E27380F3500177368 /* SampleSlot.swift in Sources */,
				A9C72CA02736A2D2007C2645 /* WaveformGenerator.swift in Sources */,
				A9C72C8B273691B5007C2645 /* ContentView.swift in Sources */,
				A9C72C89273691B5007C2645 /* SquaresApp.swift in Sources */,
				A9261A1027381DD600177368 /* SamplerTap.swift in Sources */,
				A9C72C98273691D5007C2645 /* DrumMachine.swift in Sources */,
				A9C72CAB2736BE60007C2645 /* WaveformShape.swift in Sources */,
				A9261A0C27373F0100177368 /* TouchInterceptor.swift in Sources */,
			);
			runOnlyForDeploymentPostprocessing = 0;
		};
/* End PBXSourcesBuildPhase section */

/* Begin XCBuildConfiguration section */
		A9C72C92273691B7007C2645 /* Debug */ = {
			isa = XCBuildConfiguration;
			buildSettings = {
				ALWAYS_SEARCH_USER_PATHS = NO;
				CLANG_ANALYZER_NONNULL = YES;
				CLANG_ANALYZER_NUMBER_OBJECT_CONVERSION = YES_AGGRESSIVE;
				CLANG_CXX_LANGUAGE_STANDARD = "gnu++17";
				CLANG_CXX_LIBRARY = "libc++";
				CLANG_ENABLE_MODULES = YES;
				CLANG_ENABLE_OBJC_ARC = YES;
				CLANG_ENABLE_OBJC_WEAK = YES;
				CLANG_WARN_BLOCK_CAPTURE_AUTORELEASING = YES;
				CLANG_WARN_BOOL_CONVERSION = YES;
				CLANG_WARN_COMMA = YES;
				CLANG_WARN_CONSTANT_CONVERSION = YES;
				CLANG_WARN_DEPRECATED_OBJC_IMPLEMENTATIONS = YES;
				CLANG_WARN_DIRECT_OBJC_ISA_USAGE = YES_ERROR;
				CLANG_WARN_DOCUMENTATION_COMMENTS = YES;
				CLANG_WARN_EMPTY_BODY = YES;
				CLANG_WARN_ENUM_CONVERSION = YES;
				CLANG_WARN_INFINITE_RECURSION = YES;
				CLANG_WARN_INT_CONVERSION = YES;
				CLANG_WARN_NON_LITERAL_NULL_CONVERSION = YES;
				CLANG_WARN_OBJC_IMPLICIT_RETAIN_SELF = YES;
				CLANG_WARN_OBJC_LITERAL_CONVERSION = YES;
				CLANG_WARN_OBJC_ROOT_CLASS = YES_ERROR;
				CLANG_WARN_QUOTED_INCLUDE_IN_FRAMEWORK_HEADER = YES;
				CLANG_WARN_RANGE_LOOP_ANALYSIS = YES;
				CLANG_WARN_STRICT_PROTOTYPES = YES;
				CLANG_WARN_SUSPICIOUS_MOVE = YES;
				CLANG_WARN_UNGUARDED_AVAILABILITY = YES_AGGRESSIVE;
				CLANG_WARN_UNREACHABLE_CODE = YES;
				CLANG_WARN__DUPLICATE_METHOD_MATCH = YES;
				COPY_PHASE_STRIP = NO;
				DEBUG_INFORMATION_FORMAT = dwarf;
				ENABLE_STRICT_OBJC_MSGSEND = YES;
				ENABLE_TESTABILITY = YES;
				GCC_C_LANGUAGE_STANDARD = gnu11;
				GCC_DYNAMIC_NO_PIC = NO;
				GCC_NO_COMMON_BLOCKS = YES;
				GCC_OPTIMIZATION_LEVEL = 0;
				GCC_PREPROCESSOR_DEFINITIONS = (
					"DEBUG=1",
					"$(inherited)",
				);
				GCC_WARN_64_TO_32_BIT_CONVERSION = YES;
				GCC_WARN_ABOUT_RETURN_TYPE = YES_ERROR;
				GCC_WARN_UNDECLARED_SELECTOR = YES;
				GCC_WARN_UNINITIALIZED_AUTOS = YES_AGGRESSIVE;
				GCC_WARN_UNUSED_FUNCTION = YES;
				GCC_WARN_UNUSED_VARIABLE = YES;
				MACOSX_DEPLOYMENT_TARGET = 12.0;
				MTL_ENABLE_DEBUG_INFO = INCLUDE_SOURCE;
				MTL_FAST_MATH = YES;
				ONLY_ACTIVE_ARCH = YES;
				SDKROOT = macosx;
				SWIFT_ACTIVE_COMPILATION_CONDITIONS = DEBUG;
				SWIFT_OPTIMIZATION_LEVEL = "-Onone";
			};
			name = Debug;
		};
		A9C72C93273691B7007C2645 /* Release */ = {
			isa = XCBuildConfiguration;
			buildSettings = {
				ALWAYS_SEARCH_USER_PATHS = NO;
				CLANG_ANALYZER_NONNULL = YES;
				CLANG_ANALYZER_NUMBER_OBJECT_CONVERSION = YES_AGGRESSIVE;
				CLANG_CXX_LANGUAGE_STANDARD = "gnu++17";
				CLANG_CXX_LIBRARY = "libc++";
				CLANG_ENABLE_MODULES = YES;
				CLANG_ENABLE_OBJC_ARC = YES;
				CLANG_ENABLE_OBJC_WEAK = YES;
				CLANG_WARN_BLOCK_CAPTURE_AUTORELEASING = YES;
				CLANG_WARN_BOOL_CONVERSION = YES;
				CLANG_WARN_COMMA = YES;
				CLANG_WARN_CONSTANT_CONVERSION = YES;
				CLANG_WARN_DEPRECATED_OBJC_IMPLEMENTATIONS = YES;
				CLANG_WARN_DIRECT_OBJC_ISA_USAGE = YES_ERROR;
				CLANG_WARN_DOCUMENTATION_COMMENTS = YES;
				CLANG_WARN_EMPTY_BODY = YES;
				CLANG_WARN_ENUM_CONVERSION = YES;
				CLANG_WARN_INFINITE_RECURSION = YES;
				CLANG_WARN_INT_CONVERSION = YES;
				CLANG_WARN_NON_LITERAL_NULL_CONVERSION = YES;
				CLANG_WARN_OBJC_IMPLICIT_RETAIN_SELF = YES;
				CLANG_WARN_OBJC_LITERAL_CONVERSION = YES;
				CLANG_WARN_OBJC_ROOT_CLASS = YES_ERROR;
				CLANG_WARN_QUOTED_INCLUDE_IN_FRAMEWORK_HEADER = YES;
				CLANG_WARN_RANGE_LOOP_ANALYSIS = YES;
				CLANG_WARN_STRICT_PROTOTYPES = YES;
				CLANG_WARN_SUSPICIOUS_MOVE = YES;
				CLANG_WARN_UNGUARDED_AVAILABILITY = YES_AGGRESSIVE;
				CLANG_WARN_UNREACHABLE_CODE = YES;
				CLANG_WARN__DUPLICATE_METHOD_MATCH = YES;
				COPY_PHASE_STRIP = NO;
				DEBUG_INFORMATION_FORMAT = "dwarf-with-dsym";
				ENABLE_NS_ASSERTIONS = NO;
				ENABLE_STRICT_OBJC_MSGSEND = YES;
				GCC_C_LANGUAGE_STANDARD = gnu11;
				GCC_NO_COMMON_BLOCKS = YES;
				GCC_WARN_64_TO_32_BIT_CONVERSION = YES;
				GCC_WARN_ABOUT_RETURN_TYPE = YES_ERROR;
				GCC_WARN_UNDECLARED_SELECTOR = YES;
				GCC_WARN_UNINITIALIZED_AUTOS = YES_AGGRESSIVE;
				GCC_WARN_UNUSED_FUNCTION = YES;
				GCC_WARN_UNUSED_VARIABLE = YES;
				MACOSX_DEPLOYMENT_TARGET = 12.0;
				MTL_ENABLE_DEBUG_INFO = NO;
				MTL_FAST_MATH = YES;
				SDKROOT = macosx;
				SWIFT_COMPILATION_MODE = wholemodule;
				SWIFT_OPTIMIZATION_LEVEL = "-O";
			};
			name = Release;
		};
		A9C72C95273691B7007C2645 /* Debug */ = {
			isa = XCBuildConfiguration;
			buildSettings = {
				ASSETCATALOG_COMPILER_APPICON_NAME = AppIcon;
				ASSETCATALOG_COMPILER_GLOBAL_ACCENT_COLOR_NAME = AccentColor;
				CODE_SIGN_ENTITLEMENTS = Squares/Squares.entitlements;
				CODE_SIGN_STYLE = Automatic;
				COMBINE_HIDPI_IMAGES = YES;
				CURRENT_PROJECT_VERSION = 1;
				DEVELOPMENT_ASSET_PATHS = "\"Squares/Preview Content\"";
				ENABLE_PREVIEWS = YES;
				GENERATE_INFOPLIST_FILE = YES;
				INFOPLIST_KEY_NSHumanReadableCopyright = "";
				LD_RUNPATH_SEARCH_PATHS = (
					"$(inherited)",
					"@executable_path/../Frameworks",
				);
				MARKETING_VERSION = 1.0;
				PRODUCT_BUNDLE_IDENTIFIER = io.umurgdk.Squares;
				PRODUCT_NAME = "$(TARGET_NAME)";
				SWIFT_EMIT_LOC_STRINGS = YES;
				SWIFT_VERSION = 5.0;
			};
			name = Debug;
		};
		A9C72C96273691B7007C2645 /* Release */ = {
			isa = XCBuildConfiguration;
			buildSettings = {
				ASSETCATALOG_COMPILER_APPICON_NAME = AppIcon;
				ASSETCATALOG_COMPILER_GLOBAL_ACCENT_COLOR_NAME = AccentColor;
				CODE_SIGN_ENTITLEMENTS = Squares/Squares.entitlements;
				CODE_SIGN_STYLE = Automatic;
				COMBINE_HIDPI_IMAGES = YES;
				CURRENT_PROJECT_VERSION = 1;
				DEVELOPMENT_ASSET_PATHS = "\"Squares/Preview Content\"";
				ENABLE_PREVIEWS = YES;
				GENERATE_INFOPLIST_FILE = YES;
				INFOPLIST_KEY_NSHumanReadableCopyright = "";
				LD_RUNPATH_SEARCH_PATHS = (
					"$(inherited)",
					"@executable_path/../Frameworks",
				);
				MARKETING_VERSION = 1.0;
				PRODUCT_BUNDLE_IDENTIFIER = io.umurgdk.Squares;
				PRODUCT_NAME = "$(TARGET_NAME)";
				SWIFT_EMIT_LOC_STRINGS = YES;
				SWIFT_VERSION = 5.0;
			};
			name = Release;
		};
/* End XCBuildConfiguration section */

/* Begin XCConfigurationList section */
		A9C72C80273691B5007C2645 /* Build configuration list for PBXProject "Squares" */ = {
			isa = XCConfigurationList;
			buildConfigurations = (
				A9C72C92273691B7007C2645 /* Debug */,
				A9C72C93273691B7007C2645 /* Release */,
			);
			defaultConfigurationIsVisible = 0;
			defaultConfigurationName = Release;
		};
		A9C72C94273691B7007C2645 /* Build configuration list for PBXNativeTarget "Squares" */ = {
			isa = XCConfigurationList;
			buildConfigurations = (
				A9C72C95273691B7007C2645 /* Debug */,
				A9C72C96273691B7007C2645 /* Release */,
			);
			defaultConfigurationIsVisible = 0;
			defaultConfigurationName = Release;
		};
/* End XCConfigurationList section */

/* Begin XCRemoteSwiftPackageReference section */
		A9C72CA52736BA9D007C2645 /* XCRemoteSwiftPackageReference "AudioKit" */ = {
			isa = XCRemoteSwiftPackageReference;
			repositoryURL = "https://github.com/AudioKit/AudioKit/";
			requirement = {
				kind = exactVersion;
				version = 5.2.2;
			};
		};
		A9C72CAC2736D142007C2645 /* XCRemoteSwiftPackageReference "AudioKitUI" */ = {
			isa = XCRemoteSwiftPackageReference;
			repositoryURL = "https://github.com/AudioKit/AudioKitUI";
			requirement = {
				branch = main;
				kind = branch;
			};
		};
/* End XCRemoteSwiftPackageReference section */

/* Begin XCSwiftPackageProductDependency section */
		A9C72CA62736BA9D007C2645 /* AudioKit */ = {
			isa = XCSwiftPackageProductDependency;
			package = A9C72CA52736BA9D007C2645 /* XCRemoteSwiftPackageReference "AudioKit" */;
			productName = AudioKit;
		};
		A9C72CAD2736D142007C2645 /* AudioKitUI */ = {
			isa = XCSwiftPackageProductDependency;
			package = A9C72CAC2736D142007C2645 /* XCRemoteSwiftPackageReference "AudioKitUI" */;
			productName = AudioKitUI;
		};
/* End XCSwiftPackageProductDependency section */
	};
	rootObject = A9C72C7D273691B5007C2645 /* Project object */;
}
